
Microsoft Visual Studio Solution File, Format Version 12.00
# Visual Studio Version 16
VisualStudioVersion = 16.0.31729.503
MinimumVisualStudioVersion = 10.0.40219.1
Project("{9A19103F-16F7-4668-BE54-9A1E7A4F7556}") = "SimplePhotoAlbum-Back", "SimplePhotoAlbum-Back\SimplePhotoAlbum-Back.csproj", "{734E6F20-E8BF-41BF-B92F-7087E4DC9C4F}"
	ProjectSection(ProjectDependencies) = postProject
		{D99A6A2C-8B1B-4177-BFF6-1B6011EA8D5C} = {D99A6A2C-8B1B-4177-BFF6-1B6011EA8D5C}
	EndProjectSection
EndProject
Project("{9A19103F-16F7-4668-BE54-9A1E7A4F7556}") = "SimplePhotoAlbum.BLL", "SimplePhotoAlbum.BLL\SimplePhotoAlbum.BLL.csproj", "{D99A6A2C-8B1B-4177-BFF6-1B6011EA8D5C}"
EndProject
Project("{FAE04EC0-301F-11D3-BF4B-00C04F79EFBC}") = "SimplePhotoAlbum.DAL", "SimplePhotoAlbum.DAL\SimplePhotoAlbum.DAL.csproj", "{0BFC0542-CC73-488D-8B99-38068A367DDD}"
EndProject
Global
	GlobalSection(SolutionConfigurationPlatforms) = preSolution
		Debug|Any CPU = Debug|Any CPU
		Release|Any CPU = Release|Any CPU
	EndGlobalSection
	GlobalSection(ProjectConfigurationPlatforms) = postSolution
		{734E6F20-E8BF-41BF-B92F-7087E4DC9C4F}.Debug|Any CPU.ActiveCfg = Debug|Any CPU
		{734E6F20-E8BF-41BF-B92F-7087E4DC9C4F}.Debug|Any CPU.Build.0 = Debug|Any CPU
		{734E6F20-E8BF-41BF-B92F-7087E4DC9C4F}.Release|Any CPU.ActiveCfg = Release|Any CPU
		{734E6F20-E8BF-41BF-B92F-7087E4DC9C4F}.Release|Any CPU.Build.0 = Release|Any CPU
		{D99A6A2C-8B1B-4177-BFF6-1B6011EA8D5C}.Debug|Any CPU.ActiveCfg = Debug|Any CPU
		{D99A6A2C-8B1B-4177-BFF6-1B6011EA8D5C}.Debug|Any CPU.Build.0 = Debug|Any CPU
		{D99A6A2C-8B1B-4177-BFF6-1B6011EA8D5C}.Release|Any CPU.ActiveCfg = Release|Any CPU
		{D99A6A2C-8B1B-4177-BFF6-1B6011EA8D5C}.Release|Any CPU.Build.0 = Release|Any CPU
		{0BFC0542-CC73-488D-8B99-38068A367DDD}.Debug|Any CPU.ActiveCfg = Debug|Any CPU
		{0BFC0542-CC73-488D-8B99-38068A367DDD}.Debug|Any CPU.Build.0 = Debug|Any CPU
		{0BFC0542-CC73-488D-8B99-38068A367DDD}.Release|Any CPU.ActiveCfg = Release|Any CPU
		{0BFC0542-CC73-488D-8B99-38068A367DDD}.Release|Any CPU.Build.0 = Release|Any CPU
	EndGlobalSection
	GlobalSection(SolutionProperties) = preSolution
		HideSolutionNode = FALSE
	EndGlobalSection
	GlobalSection(ExtensibilityGlobals) = postSolution
		SolutionGuid = {382AC121-5A1A-48BA-A7BC-D34BE8800F1F}
	EndGlobalSection
EndGlobal
